
Microsoft Visual Studio Solution File, Format Version 12.00
# Visual Studio Version 17
VisualStudioVersion = 17.3.32929.385
MinimumVisualStudioVersion = 10.0.40219.1
Project("{FAE04EC0-301F-11D3-BF4B-00C04F79EFBC}") = "TestTcpServer2", "TestTcpServer2\TestTcpServer2.csproj", "{362E661C-EFA0-42F0-A458-7507677C0204}"
EndProject
Global
	GlobalSection(SolutionConfigurationPlatforms) = preSolution
		Debug|Any CPU = Debug|Any CPU
		Release|Any CPU = Release|Any CPU
	EndGlobalSection
	GlobalSection(ProjectConfigurationPlatforms) = postSolution
		{362E661C-EFA0-42F0-A458-7507677C0204}.Debug|Any CPU.ActiveCfg = Debug|Any CPU
		{362E661C-EFA0-42F0-A458-7507677C0204}.Debug|Any CPU.Build.0 = Debug|Any CPU
		{362E661C-EFA0-42F0-A458-7507677C0204}.Release|Any CPU.ActiveCfg = Release|Any CPU
		{362E661C-EFA0-42F0-A458-7507677C0204}.Release|Any CPU.Build.0 = Release|Any CPU
	EndGlobalSection
	GlobalSection(SolutionProperties) = preSolution
		HideSolutionNode = FALSE
	EndGlobalSection
	GlobalSection(ExtensibilityGlobals) = postSolution
		SolutionGuid = {2F89AB2F-C796-4C5B-89DA-8DD8A26D999F}
	EndGlobalSection
EndGlobal
