
Microsoft Visual Studio Solution File, Format Version 12.00
# Visual Studio Version 17
VisualStudioVersion = 17.3.32929.385
MinimumVisualStudioVersion = 10.0.40219.1
Project("{9A19103F-16F7-4668-BE54-9A1E7A4F7556}") = "TestService", "TestService\TestService.csproj", "{EDD7AB4B-1009-49E2-9B05-2773C78A4DEF}"
EndProject
Project("{FAE04EC0-301F-11D3-BF4B-00C04F79EFBC}") = "WorkerService1", "WorkerService1\WorkerService1.csproj", "{B80C01A0-BAC2-4F83-8E29-1608D73E9713}"
	ProjectSection(ProjectDependencies) = postProject
		{EDD7AB4B-1009-49E2-9B05-2773C78A4DEF} = {EDD7AB4B-1009-49E2-9B05-2773C78A4DEF}
	EndProjectSection
EndProject
Global
	GlobalSection(SolutionConfigurationPlatforms) = preSolution
		Debug|Any CPU = Debug|Any CPU
		Release|Any CPU = Release|Any CPU
	EndGlobalSection
	GlobalSection(ProjectConfigurationPlatforms) = postSolution
		{EDD7AB4B-1009-49E2-9B05-2773C78A4DEF}.Debug|Any CPU.ActiveCfg = Debug|Any CPU
		{EDD7AB4B-1009-49E2-9B05-2773C78A4DEF}.Debug|Any CPU.Build.0 = Debug|Any CPU
		{EDD7AB4B-1009-49E2-9B05-2773C78A4DEF}.Release|Any CPU.ActiveCfg = Release|Any CPU
		{EDD7AB4B-1009-49E2-9B05-2773C78A4DEF}.Release|Any CPU.Build.0 = Release|Any CPU
		{B80C01A0-BAC2-4F83-8E29-1608D73E9713}.Debug|Any CPU.ActiveCfg = Debug|Any CPU
		{B80C01A0-BAC2-4F83-8E29-1608D73E9713}.Debug|Any CPU.Build.0 = Debug|Any CPU
		{B80C01A0-BAC2-4F83-8E29-1608D73E9713}.Release|Any CPU.ActiveCfg = Release|Any CPU
		{B80C01A0-BAC2-4F83-8E29-1608D73E9713}.Release|Any CPU.Build.0 = Release|Any CPU
	EndGlobalSection
	GlobalSection(SolutionProperties) = preSolution
		HideSolutionNode = FALSE
	EndGlobalSection
	GlobalSection(ExtensibilityGlobals) = postSolution
		SolutionGuid = {FEB4E6E3-A2D8-4BC3-9AEA-7E8A7214CB4C}
	EndGlobalSection
EndGlobal
